// !$*UTF8*$!
{
	archiveVersion = 1;
	classes = {
	};
	objectVersion = 52;
	objects = {

/* Begin PBXBuildFile section */
		7A159D3B26C7804B00BDC091 /* main.swift in Sources */ = {isa = PBXBuildFile; fileRef = 7A159D3A26C7804B00BDC091 /* main.swift */; };
		7A159D5526CA22A700BDC091 /* CAUtils.swift in Sources */ = {isa = PBXBuildFile; fileRef = 7A159D5426CA22A700BDC091 /* CAUtils.swift */; };
		7A159D5726CA230800BDC091 /* Mono2StereoEngine.swift in Sources */ = {isa = PBXBuildFile; fileRef = 7A159D5626CA230800BDC091 /* Mono2StereoEngine.swift */; };
		7AACD99726CBADBA0056E588 /* RingBuffer.swift in Sources */ = {isa = PBXBuildFile; fileRef = 7AACD99626CBADBA0056E588 /* RingBuffer.swift */; };
		7AACD99A26CBFDD30056E588 /* ArgumentParser in Frameworks */ = {isa = PBXBuildFile; productRef = 7AACD99926CBFDD30056E588 /* ArgumentParser */; };
/* End PBXBuildFile section */

/* Begin PBXCopyFilesBuildPhase section */
		7A159D3526C7804B00BDC091 /* CopyFiles */ = {
			isa = PBXCopyFilesBuildPhase;
			buildActionMask = 2147483647;
			dstPath = /usr/share/man/man1/;
			dstSubfolderSpec = 0;
			files = (
			);
			runOnlyForDeploymentPostprocessing = 1;
		};
/* End PBXCopyFilesBuildPhase section */

/* Begin PBXFileReference section */
		7A159D3726C7804B00BDC091 /* mono2stereo */ = {isa = PBXFileReference; explicitFileType = "compiled.mach-o.executable"; includeInIndex = 0; path = mono2stereo; sourceTree = BUILT_PRODUCTS_DIR; };
		7A159D3A26C7804B00BDC091 /* main.swift */ = {isa = PBXFileReference; lastKnownFileType = sourcecode.swift; path = main.swift; sourceTree = "<group>"; };
		7A159D4126C7F5A900BDC091 /* mono2stereo-Bridging-Header.h */ = {isa = PBXFileReference; lastKnownFileType = sourcecode.c.h; path = "mono2stereo-Bridging-Header.h"; sourceTree = "<group>"; };
		7A159D5126C8F84400BDC091 /* mono2stereo.entitlements */ = {isa = PBXFileReference; lastKnownFileType = text.plist.entitlements; path = mono2stereo.entitlements; sourceTree = "<group>"; };
		7A159D5426CA22A700BDC091 /* CAUtils.swift */ = {isa = PBXFileReference; lastKnownFileType = sourcecode.swift; path = CAUtils.swift; sourceTree = "<group>"; };
		7A159D5626CA230800BDC091 /* Mono2StereoEngine.swift */ = {isa = PBXFileReference; lastKnownFileType = sourcecode.swift; path = Mono2StereoEngine.swift; sourceTree = "<group>"; };
		7AACD99626CBADBA0056E588 /* RingBuffer.swift */ = {isa = PBXFileReference; lastKnownFileType = sourcecode.swift; path = RingBuffer.swift; sourceTree = "<group>"; };
/* End PBXFileReference section */

/* Begin PBXFrameworksBuildPhase section */
		7A159D3426C7804B00BDC091 /* Frameworks */ = {
			isa = PBXFrameworksBuildPhase;
			buildActionMask = 2147483647;
			files = (
				7AACD99A26CBFDD30056E588 /* ArgumentParser in Frameworks */,
			);
			runOnlyForDeploymentPostprocessing = 0;
		};
/* End PBXFrameworksBuildPhase section */

/* Begin PBXGroup section */
		7A159D2E26C7804B00BDC091 = {
			isa = PBXGroup;
			children = (
				7A159D3926C7804B00BDC091 /* mono2stereo */,
				7A159D3826C7804B00BDC091 /* Products */,
			);
			sourceTree = "<group>";
		};
		7A159D3826C7804B00BDC091 /* Products */ = {
			isa = PBXGroup;
			children = (
				7A159D3726C7804B00BDC091 /* mono2stereo */,
			);
			name = Products;
			sourceTree = "<group>";
		};
		7A159D3926C7804B00BDC091 /* mono2stereo */ = {
			isa = PBXGroup;
			children = (
				7A159D3A26C7804B00BDC091 /* main.swift */,
				7A159D5626CA230800BDC091 /* Mono2StereoEngine.swift */,
				7A159D5426CA22A700BDC091 /* CAUtils.swift */,
				7AACD99626CBADBA0056E588 /* RingBuffer.swift */,
				7A159D4126C7F5A900BDC091 /* mono2stereo-Bridging-Header.h */,
				7A159D5126C8F84400BDC091 /* mono2stereo.entitlements */,
			);
			path = mono2stereo;
			sourceTree = "<group>";
		};
/* End PBXGroup section */

/* Begin PBXNativeTarget section */
		7A159D3626C7804B00BDC091 /* mono2stereo */ = {
			isa = PBXNativeTarget;
			buildConfigurationList = 7A159D3E26C7804B00BDC091 /* Build configuration list for PBXNativeTarget "mono2stereo" */;
			buildPhases = (
				7A159D3326C7804B00BDC091 /* Sources */,
				7A159D3426C7804B00BDC091 /* Frameworks */,
				7A159D3526C7804B00BDC091 /* CopyFiles */,
			);
			buildRules = (
			);
			dependencies = (
			);
			name = mono2stereo;
			packageProductDependencies = (
				7AACD99926CBFDD30056E588 /* ArgumentParser */,
			);
			productName = mono2stereo;
			productReference = 7A159D3726C7804B00BDC091 /* mono2stereo */;
			productType = "com.apple.product-type.tool";
		};
/* End PBXNativeTarget section */

/* Begin PBXProject section */
		7A159D2F26C7804B00BDC091 /* Project object */ = {
			isa = PBXProject;
			attributes = {
				LastSwiftUpdateCheck = 1250;
				LastUpgradeCheck = 1250;
				TargetAttributes = {
					7A159D3626C7804B00BDC091 = {
						CreatedOnToolsVersion = 12.5.1;
						LastSwiftMigration = 1250;
					};
				};
			};
			buildConfigurationList = 7A159D3226C7804B00BDC091 /* Build configuration list for PBXProject "mono2stereo" */;
			compatibilityVersion = "Xcode 9.3";
			developmentRegion = en;
			hasScannedForEncodings = 0;
			knownRegions = (
				en,
				Base,
			);
			mainGroup = 7A159D2E26C7804B00BDC091;
			packageReferences = (
				7AACD99826CBFDD30056E588 /* XCRemoteSwiftPackageReference "swift-argument-parser" */,
			);
			productRefGroup = 7A159D3826C7804B00BDC091 /* Products */;
			projectDirPath = "";
			projectRoot = "";
			targets = (
				7A159D3626C7804B00BDC091 /* mono2stereo */,
			);
		};
/* End PBXProject section */

/* Begin PBXSourcesBuildPhase section */
		7A159D3326C7804B00BDC091 /* Sources */ = {
			isa = PBXSourcesBuildPhase;
			buildActionMask = 2147483647;
			files = (
				7A159D5726CA230800BDC091 /* Mono2StereoEngine.swift in Sources */,
				7A159D5526CA22A700BDC091 /* CAUtils.swift in Sources */,
				7A159D3B26C7804B00BDC091 /* main.swift in Sources */,
				7AACD99726CBADBA0056E588 /* RingBuffer.swift in Sources */,
			);
			runOnlyForDeploymentPostprocessing = 0;
		};
/* End PBXSourcesBuildPhase section */

/* Begin XCBuildConfiguration section */
		7A159D3C26C7804B00BDC091 /* Debug */ = {
			isa = XCBuildConfiguration;
			buildSettings = {
				ALWAYS_SEARCH_USER_PATHS = NO;
				CLANG_ANALYZER_NONNULL = YES;
				CLANG_ANALYZER_NUMBER_OBJECT_CONVERSION = YES_AGGRESSIVE;
				CLANG_CXX_LANGUAGE_STANDARD = "gnu++14";
				CLANG_CXX_LIBRARY = "libc++";
				CLANG_ENABLE_MODULES = YES;
				CLANG_ENABLE_OBJC_ARC = YES;
				CLANG_ENABLE_OBJC_WEAK = YES;
				CLANG_WARN_BLOCK_CAPTURE_AUTORELEASING = YES;
				CLANG_WARN_BOOL_CONVERSION = YES;
				CLANG_WARN_COMMA = YES;
				CLANG_WARN_CONSTANT_CONVERSION = YES;
				CLANG_WARN_DEPRECATED_OBJC_IMPLEMENTATIONS = YES;
				CLANG_WARN_DIRECT_OBJC_ISA_USAGE = YES_ERROR;
				CLANG_WARN_DOCUMENTATION_COMMENTS = YES;
				CLANG_WARN_EMPTY_BODY = YES;
				CLANG_WARN_ENUM_CONVERSION = YES;
				CLANG_WARN_INFINITE_RECURSION = YES;
				CLANG_WARN_INT_CONVERSION = YES;
				CLANG_WARN_NON_LITERAL_NULL_CONVERSION = YES;
				CLANG_WARN_OBJC_IMPLICIT_RETAIN_SELF = YES;
				CLANG_WARN_OBJC_LITERAL_CONVERSION = YES;
				CLANG_WARN_OBJC_ROOT_CLASS = YES_ERROR;
				CLANG_WARN_QUOTED_INCLUDE_IN_FRAMEWORK_HEADER = YES;
				CLANG_WARN_RANGE_LOOP_ANALYSIS = YES;
				CLANG_WARN_STRICT_PROTOTYPES = YES;
				CLANG_WARN_SUSPICIOUS_MOVE = YES;
				CLANG_WARN_UNGUARDED_AVAILABILITY = YES_AGGRESSIVE;
				CLANG_WARN_UNREACHABLE_CODE = YES;
				CLANG_WARN__DUPLICATE_METHOD_MATCH = YES;
				COPY_PHASE_STRIP = NO;
				DEBUG_INFORMATION_FORMAT = dwarf;
				ENABLE_STRICT_OBJC_MSGSEND = YES;
				ENABLE_TESTABILITY = YES;
				GCC_C_LANGUAGE_STANDARD = gnu11;
				GCC_DYNAMIC_NO_PIC = NO;
				GCC_NO_COMMON_BLOCKS = YES;
				GCC_OPTIMIZATION_LEVEL = 0;
				GCC_PREPROCESSOR_DEFINITIONS = (
					"DEBUG=1",
					"$(inherited)",
				);
				GCC_WARN_64_TO_32_BIT_CONVERSION = YES;
				GCC_WARN_ABOUT_RETURN_TYPE = YES_ERROR;
				GCC_WARN_UNDECLARED_SELECTOR = YES;
				GCC_WARN_UNINITIALIZED_AUTOS = YES_AGGRESSIVE;
				GCC_WARN_UNUSED_FUNCTION = YES;
				GCC_WARN_UNUSED_VARIABLE = YES;
				MACOSX_DEPLOYMENT_TARGET = 10.10;
				MTL_ENABLE_DEBUG_INFO = INCLUDE_SOURCE;
				MTL_FAST_MATH = YES;
				ONLY_ACTIVE_ARCH = YES;
				SDKROOT = macosx;
				SWIFT_ACTIVE_COMPILATION_CONDITIONS = DEBUG;
				SWIFT_OPTIMIZATION_LEVEL = "-Onone";
			};
			name = Debug;
		};
		7A159D3D26C7804B00BDC091 /* Release */ = {
			isa = XCBuildConfiguration;
			buildSettings = {
				ALWAYS_SEARCH_USER_PATHS = NO;
				CLANG_ANALYZER_NONNULL = YES;
				CLANG_ANALYZER_NUMBER_OBJECT_CONVERSION = YES_AGGRESSIVE;
				CLANG_CXX_LANGUAGE_STANDARD = "gnu++14";
				CLANG_CXX_LIBRARY = "libc++";
				CLANG_ENABLE_MODULES = YES;
				CLANG_ENABLE_OBJC_ARC = YES;
				CLANG_ENABLE_OBJC_WEAK = YES;
				CLANG_WARN_BLOCK_CAPTURE_AUTORELEASING = YES;
				CLANG_WARN_BOOL_CONVERSION = YES;
				CLANG_WARN_COMMA = YES;
				CLANG_WARN_CONSTANT_CONVERSION = YES;
				CLANG_WARN_DEPRECATED_OBJC_IMPLEMENTATIONS = YES;
				CLANG_WARN_DIRECT_OBJC_ISA_USAGE = YES_ERROR;
				CLANG_WARN_DOCUMENTATION_COMMENTS = YES;
				CLANG_WARN_EMPTY_BODY = YES;
				CLANG_WARN_ENUM_CONVERSION = YES;
				CLANG_WARN_INFINITE_RECURSION = YES;
				CLANG_WARN_INT_CONVERSION = YES;
				CLANG_WARN_NON_LITERAL_NULL_CONVERSION = YES;
				CLANG_WARN_OBJC_IMPLICIT_RETAIN_SELF = YES;
				CLANG_WARN_OBJC_LITERAL_CONVERSION = YES;
				CLANG_WARN_OBJC_ROOT_CLASS = YES_ERROR;
				CLANG_WARN_QUOTED_INCLUDE_IN_FRAMEWORK_HEADER = YES;
				CLANG_WARN_RANGE_LOOP_ANALYSIS = YES;
				CLANG_WARN_STRICT_PROTOTYPES = YES;
				CLANG_WARN_SUSPICIOUS_MOVE = YES;
				CLANG_WARN_UNGUARDED_AVAILABILITY = YES_AGGRESSIVE;
				CLANG_WARN_UNREACHABLE_CODE = YES;
				CLANG_WARN__DUPLICATE_METHOD_MATCH = YES;
				COPY_PHASE_STRIP = NO;
				DEBUG_INFORMATION_FORMAT = "dwarf-with-dsym";
				ENABLE_NS_ASSERTIONS = NO;
				ENABLE_STRICT_OBJC_MSGSEND = YES;
				GCC_C_LANGUAGE_STANDARD = gnu11;
				GCC_NO_COMMON_BLOCKS = YES;
				GCC_WARN_64_TO_32_BIT_CONVERSION = YES;
				GCC_WARN_ABOUT_RETURN_TYPE = YES_ERROR;
				GCC_WARN_UNDECLARED_SELECTOR = YES;
				GCC_WARN_UNINITIALIZED_AUTOS = YES_AGGRESSIVE;
				GCC_WARN_UNUSED_FUNCTION = YES;
				GCC_WARN_UNUSED_VARIABLE = YES;
				MACOSX_DEPLOYMENT_TARGET = 10.10;
				MTL_ENABLE_DEBUG_INFO = NO;
				MTL_FAST_MATH = YES;
				SDKROOT = macosx;
				SWIFT_COMPILATION_MODE = wholemodule;
				SWIFT_OPTIMIZATION_LEVEL = "-O";
			};
			name = Release;
		};
		7A159D3F26C7804B00BDC091 /* Debug */ = {
			isa = XCBuildConfiguration;
			buildSettings = {
				CLANG_ENABLE_MODULES = YES;
				CODE_SIGN_ENTITLEMENTS = mono2stereo/mono2stereo.entitlements;
				CODE_SIGN_STYLE = Automatic;
				DEVELOPMENT_TEAM = HD97657Q5X;
				ENABLE_HARDENED_RUNTIME = YES;
				LD_RUNPATH_SEARCH_PATHS = (
					"$(inherited)",
					"@executable_path/../Frameworks",
					"@loader_path/../Frameworks",
				);
				MACOSX_DEPLOYMENT_TARGET = 10.10;
				PRODUCT_NAME = "$(TARGET_NAME)";
				SWIFT_OBJC_BRIDGING_HEADER = "mono2stereo/mono2stereo-Bridging-Header.h";
				SWIFT_OPTIMIZATION_LEVEL = "-Onone";
				SWIFT_VERSION = 5.0;
			};
			name = Debug;
		};
		7A159D4026C7804B00BDC091 /* Release */ = {
			isa = XCBuildConfiguration;
			buildSettings = {
				CLANG_ENABLE_MODULES = YES;
				CODE_SIGN_ENTITLEMENTS = mono2stereo/mono2stereo.entitlements;
				CODE_SIGN_STYLE = Automatic;
				DEVELOPMENT_TEAM = HD97657Q5X;
				ENABLE_HARDENED_RUNTIME = YES;
				LD_RUNPATH_SEARCH_PATHS = (
					"$(inherited)",
					"@executable_path/../Frameworks",
					"@loader_path/../Frameworks",
				);
				MACOSX_DEPLOYMENT_TARGET = 10.10;
				PRODUCT_NAME = "$(TARGET_NAME)";
				SWIFT_OBJC_BRIDGING_HEADER = "mono2stereo/mono2stereo-Bridging-Header.h";
				SWIFT_VERSION = 5.0;
			};
			name = Release;
		};
/* End XCBuildConfiguration section */

/* Begin XCConfigurationList section */
		7A159D3226C7804B00BDC091 /* Build configuration list for PBXProject "mono2stereo" */ = {
			isa = XCConfigurationList;
			buildConfigurations = (
				7A159D3C26C7804B00BDC091 /* Debug */,
				7A159D3D26C7804B00BDC091 /* Release */,
			);
			defaultConfigurationIsVisible = 0;
			defaultConfigurationName = Release;
		};
		7A159D3E26C7804B00BDC091 /* Build configuration list for PBXNativeTarget "mono2stereo" */ = {
			isa = XCConfigurationList;
			buildConfigurations = (
				7A159D3F26C7804B00BDC091 /* Debug */,
				7A159D4026C7804B00BDC091 /* Release */,
			);
			defaultConfigurationIsVisible = 0;
			defaultConfigurationName = Release;
		};
/* End XCConfigurationList section */

/* Begin XCRemoteSwiftPackageReference section */
		7AACD99826CBFDD30056E588 /* XCRemoteSwiftPackageReference "swift-argument-parser" */ = {
			isa = XCRemoteSwiftPackageReference;
			repositoryURL = "https://github.com/apple/swift-argument-parser";
			requirement = {
				kind = upToNextMajorVersion;
				minimumVersion = 0.4.4;
			};
		};
/* End XCRemoteSwiftPackageReference section */

/* Begin XCSwiftPackageProductDependency section */
		7AACD99926CBFDD30056E588 /* ArgumentParser */ = {
			isa = XCSwiftPackageProductDependency;
			package = 7AACD99826CBFDD30056E588 /* XCRemoteSwiftPackageReference "swift-argument-parser" */;
			productName = ArgumentParser;
		};
/* End XCSwiftPackageProductDependency section */
	};
	rootObject = 7A159D2F26C7804B00BDC091 /* Project object */;
}
